// !$*UTF8*$!
{
	archiveVersion = 1;
	classes = {
	};
	objectVersion = 55;
	objects = {

/* Begin PBXBuildFile section */
		34BFEB8F29F0E0B600F2BF74 /* AppDelegate.swift in Sources */ = {isa = PBXBuildFile; fileRef = 34BFEB8E29F0E0B600F2BF74 /* AppDelegate.swift */; };
		34BFEB9129F0E0B600F2BF74 /* SceneDelegate.swift in Sources */ = {isa = PBXBuildFile; fileRef = 34BFEB9029F0E0B600F2BF74 /* SceneDelegate.swift */; };
		34BFEB9329F0E0B600F2BF74 /* ViewController.swift in Sources */ = {isa = PBXBuildFile; fileRef = 34BFEB9229F0E0B600F2BF74 /* ViewController.swift */; };
		34BFEB9629F0E0B600F2BF74 /* Main.storyboard in Resources */ = {isa = PBXBuildFile; fileRef = 34BFEB9429F0E0B600F2BF74 /* Main.storyboard */; };
		34BFEB9829F0E0B900F2BF74 /* Assets.xcassets in Resources */ = {isa = PBXBuildFile; fileRef = 34BFEB9729F0E0B900F2BF74 /* Assets.xcassets */; };
		34BFEB9B29F0E0B900F2BF74 /* LaunchScreen.storyboard in Resources */ = {isa = PBXBuildFile; fileRef = 34BFEB9929F0E0B900F2BF74 /* LaunchScreen.storyboard */; };
		34BFEBA429F0E0E600F2BF74 /* YouTubeiOSPlayerHelper in Frameworks */ = {isa = PBXBuildFile; productRef = 34BFEBA329F0E0E600F2BF74 /* YouTubeiOSPlayerHelper */; };
/* End PBXBuildFile section */

/* Begin PBXFileReference section */
		34BFEB8B29F0E0B600F2BF74 /* YoutubeAppApi.app */ = {isa = PBXFileReference; explicitFileType = wrapper.application; includeInIndex = 0; path = YoutubeAppApi.app; sourceTree = BUILT_PRODUCTS_DIR; };
		34BFEB8E29F0E0B600F2BF74 /* AppDelegate.swift */ = {isa = PBXFileReference; lastKnownFileType = sourcecode.swift; path = AppDelegate.swift; sourceTree = "<group>"; };
		34BFEB9029F0E0B600F2BF74 /* SceneDelegate.swift */ = {isa = PBXFileReference; lastKnownFileType = sourcecode.swift; path = SceneDelegate.swift; sourceTree = "<group>"; };
		34BFEB9229F0E0B600F2BF74 /* ViewController.swift */ = {isa = PBXFileReference; lastKnownFileType = sourcecode.swift; path = ViewController.swift; sourceTree = "<group>"; };
		34BFEB9529F0E0B600F2BF74 /* Base */ = {isa = PBXFileReference; lastKnownFileType = file.storyboard; name = Base; path = Base.lproj/Main.storyboard; sourceTree = "<group>"; };
		34BFEB9729F0E0B900F2BF74 /* Assets.xcassets */ = {isa = PBXFileReference; lastKnownFileType = folder.assetcatalog; path = Assets.xcassets; sourceTree = "<group>"; };
		34BFEB9A29F0E0B900F2BF74 /* Base */ = {isa = PBXFileReference; lastKnownFileType = file.storyboard; name = Base; path = Base.lproj/LaunchScreen.storyboard; sourceTree = "<group>"; };
		34BFEB9C29F0E0B900F2BF74 /* Info.plist */ = {isa = PBXFileReference; lastKnownFileType = text.plist.xml; path = Info.plist; sourceTree = "<group>"; };
/* End PBXFileReference section */

/* Begin PBXFrameworksBuildPhase section */
		34BFEB8829F0E0B600F2BF74 /* Frameworks */ = {
			isa = PBXFrameworksBuildPhase;
			buildActionMask = 2147483647;
			files = (
				34BFEBA429F0E0E600F2BF74 /* YouTubeiOSPlayerHelper in Frameworks */,
			);
			runOnlyForDeploymentPostprocessing = 0;
		};
/* End PBXFrameworksBuildPhase section */

/* Begin PBXGroup section */
		34BFEB8229F0E0B600F2BF74 = {
			isa = PBXGroup;
			children = (
				34BFEB8D29F0E0B600F2BF74 /* YoutubeAppApi */,
				34BFEB8C29F0E0B600F2BF74 /* Products */,
			);
			sourceTree = "<group>";
		};
		34BFEB8C29F0E0B600F2BF74 /* Products */ = {
			isa = PBXGroup;
			children = (
				34BFEB8B29F0E0B600F2BF74 /* YoutubeAppApi.app */,
			);
			name = Products;
			sourceTree = "<group>";
		};
		34BFEB8D29F0E0B600F2BF74 /* YoutubeAppApi */ = {
			isa = PBXGroup;
			children = (
				34BFEB8E29F0E0B600F2BF74 /* AppDelegate.swift */,
				34BFEB9029F0E0B600F2BF74 /* SceneDelegate.swift */,
				34BFEB9229F0E0B600F2BF74 /* ViewController.swift */,
				34BFEB9429F0E0B600F2BF74 /* Main.storyboard */,
				34BFEB9729F0E0B900F2BF74 /* Assets.xcassets */,
				34BFEB9929F0E0B900F2BF74 /* LaunchScreen.storyboard */,
				34BFEB9C29F0E0B900F2BF74 /* Info.plist */,
			);
			path = YoutubeAppApi;
			sourceTree = "<group>";
		};
/* End PBXGroup section */

/* Begin PBXNativeTarget section */
		34BFEB8A29F0E0B600F2BF74 /* YoutubeAppApi */ = {
			isa = PBXNativeTarget;
			buildConfigurationList = 34BFEB9F29F0E0B900F2BF74 /* Build configuration list for PBXNativeTarget "YoutubeAppApi" */;
			buildPhases = (
				34BFEB8729F0E0B600F2BF74 /* Sources */,
				34BFEB8829F0E0B600F2BF74 /* Frameworks */,
				34BFEB8929F0E0B600F2BF74 /* Resources */,
			);
			buildRules = (
			);
			dependencies = (
			);
			name = YoutubeAppApi;
			packageProductDependencies = (
				34BFEBA329F0E0E600F2BF74 /* YouTubeiOSPlayerHelper */,
			);
			productName = YoutubeAppApi;
			productReference = 34BFEB8B29F0E0B600F2BF74 /* YoutubeAppApi.app */;
			productType = "com.apple.product-type.application";
		};
/* End PBXNativeTarget section */

/* Begin PBXProject section */
		34BFEB8329F0E0B600F2BF74 /* Project object */ = {
			isa = PBXProject;
			attributes = {
				BuildIndependentTargetsInParallel = 1;
				LastSwiftUpdateCheck = 1340;
				LastUpgradeCheck = 1340;
				TargetAttributes = {
					34BFEB8A29F0E0B600F2BF74 = {
						CreatedOnToolsVersion = 13.4.1;
					};
				};
			};
			buildConfigurationList = 34BFEB8629F0E0B600F2BF74 /* Build configuration list for PBXProject "YoutubeAppApi" */;
			compatibilityVersion = "Xcode 13.0";
			developmentRegion = en;
			hasScannedForEncodings = 0;
			knownRegions = (
				en,
				Base,
			);
			mainGroup = 34BFEB8229F0E0B600F2BF74;
			packageReferences = (
				34BFEBA229F0E0E600F2BF74 /* XCRemoteSwiftPackageReference "youtube-ios-player-helper" */,
			);
			productRefGroup = 34BFEB8C29F0E0B600F2BF74 /* Products */;
			projectDirPath = "";
			projectRoot = "";
			targets = (
				34BFEB8A29F0E0B600F2BF74 /* YoutubeAppApi */,
			);
		};
/* End PBXProject section */

/* Begin PBXResourcesBuildPhase section */
		34BFEB8929F0E0B600F2BF74 /* Resources */ = {
			isa = PBXResourcesBuildPhase;
			buildActionMask = 2147483647;
			files = (
				34BFEB9B29F0E0B900F2BF74 /* LaunchScreen.storyboard in Resources */,
				34BFEB9829F0E0B900F2BF74 /* Assets.xcassets in Resources */,
				34BFEB9629F0E0B600F2BF74 /* Main.storyboard in Resources */,
			);
			runOnlyForDeploymentPostprocessing = 0;
		};
/* End PBXResourcesBuildPhase section */

/* Begin PBXSourcesBuildPhase section */
		34BFEB8729F0E0B600F2BF74 /* Sources */ = {
			isa = PBXSourcesBuildPhase;
			buildActionMask = 2147483647;
			files = (
				34BFEB9329F0E0B600F2BF74 /* ViewController.swift in Sources */,
				34BFEB8F29F0E0B600F2BF74 /* AppDelegate.swift in Sources */,
				34BFEB9129F0E0B600F2BF74 /* SceneDelegate.swift in Sources */,
			);
			runOnlyForDeploymentPostprocessing = 0;
		};
/* End PBXSourcesBuildPhase section */

/* Begin PBXVariantGroup section */
		34BFEB9429F0E0B600F2BF74 /* Main.storyboard */ = {
			isa = PBXVariantGroup;
			children = (
				34BFEB9529F0E0B600F2BF74 /* Base */,
			);
			name = Main.storyboard;
			sourceTree = "<group>";
		};
		34BFEB9929F0E0B900F2BF74 /* LaunchScreen.storyboard */ = {
			isa = PBXVariantGroup;
			children = (
				34BFEB9A29F0E0B900F2BF74 /* Base */,
			);
			name = LaunchScreen.storyboard;
			sourceTree = "<group>";
		};
/* End PBXVariantGroup section */

/* Begin XCBuildConfiguration section */
		34BFEB9D29F0E0B900F2BF74 /* Debug */ = {
			isa = XCBuildConfiguration;
			buildSettings = {
				ALWAYS_SEARCH_USER_PATHS = NO;
				CLANG_ANALYZER_NONNULL = YES;
				CLANG_ANALYZER_NUMBER_OBJECT_CONVERSION = YES_AGGRESSIVE;
				CLANG_CXX_LANGUAGE_STANDARD = "gnu++17";
				CLANG_ENABLE_MODULES = YES;
				CLANG_ENABLE_OBJC_ARC = YES;
				CLANG_ENABLE_OBJC_WEAK = YES;
				CLANG_WARN_BLOCK_CAPTURE_AUTORELEASING = YES;
				CLANG_WARN_BOOL_CONVERSION = YES;
				CLANG_WARN_COMMA = YES;
				CLANG_WARN_CONSTANT_CONVERSION = YES;
				CLANG_WARN_DEPRECATED_OBJC_IMPLEMENTATIONS = YES;
				CLANG_WARN_DIRECT_OBJC_ISA_USAGE = YES_ERROR;
				CLANG_WARN_DOCUMENTATION_COMMENTS = YES;
				CLANG_WARN_EMPTY_BODY = YES;
				CLANG_WARN_ENUM_CONVERSION = YES;
				CLANG_WARN_INFINITE_RECURSION = YES;
				CLANG_WARN_INT_CONVERSION = YES;
				CLANG_WARN_NON_LITERAL_NULL_CONVERSION = YES;
				CLANG_WARN_OBJC_IMPLICIT_RETAIN_SELF = YES;
				CLANG_WARN_OBJC_LITERAL_CONVERSION = YES;
				CLANG_WARN_OBJC_ROOT_CLASS = YES_ERROR;
				CLANG_WARN_QUOTED_INCLUDE_IN_FRAMEWORK_HEADER = YES;
				CLANG_WARN_RANGE_LOOP_ANALYSIS = YES;
				CLANG_WARN_STRICT_PROTOTYPES = YES;
				CLANG_WARN_SUSPICIOUS_MOVE = YES;
				CLANG_WARN_UNGUARDED_AVAILABILITY = YES_AGGRESSIVE;
				CLANG_WARN_UNREACHABLE_CODE = YES;
				CLANG_WARN__DUPLICATE_METHOD_MATCH = YES;
				COPY_PHASE_STRIP = NO;
				DEBUG_INFORMATION_FORMAT = dwarf;
				ENABLE_STRICT_OBJC_MSGSEND = YES;
				ENABLE_TESTABILITY = YES;
				GCC_C_LANGUAGE_STANDARD = gnu11;
				GCC_DYNAMIC_NO_PIC = NO;
				GCC_NO_COMMON_BLOCKS = YES;
				GCC_OPTIMIZATION_LEVEL = 0;
				GCC_PREPROCESSOR_DEFINITIONS = (
					"DEBUG=1",
					"$(inherited)",
				);
				GCC_WARN_64_TO_32_BIT_CONVERSION = YES;
				GCC_WARN_ABOUT_RETURN_TYPE = YES_ERROR;
				GCC_WARN_UNDECLARED_SELECTOR = YES;
				GCC_WARN_UNINITIALIZED_AUTOS = YES_AGGRESSIVE;
				GCC_WARN_UNUSED_FUNCTION = YES;
				GCC_WARN_UNUSED_VARIABLE = YES;
				IPHONEOS_DEPLOYMENT_TARGET = 15.5;
				MTL_ENABLE_DEBUG_INFO = INCLUDE_SOURCE;
				MTL_FAST_MATH = YES;
				ONLY_ACTIVE_ARCH = YES;
				SDKROOT = iphoneos;
				SWIFT_ACTIVE_COMPILATION_CONDITIONS = DEBUG;
				SWIFT_OPTIMIZATION_LEVEL = "-Onone";
			};
			name = Debug;
		};
		34BFEB9E29F0E0B900F2BF74 /* Release */ = {
			isa = XCBuildConfiguration;
			buildSettings = {
				ALWAYS_SEARCH_USER_PATHS = NO;
				CLANG_ANALYZER_NONNULL = YES;
				CLANG_ANALYZER_NUMBER_OBJECT_CONVERSION = YES_AGGRESSIVE;
				CLANG_CXX_LANGUAGE_STANDARD = "gnu++17";
				CLANG_ENABLE_MODULES = YES;
				CLANG_ENABLE_OBJC_ARC = YES;
				CLANG_ENABLE_OBJC_WEAK = YES;
				CLANG_WARN_BLOCK_CAPTURE_AUTORELEASING = YES;
				CLANG_WARN_BOOL_CONVERSION = YES;
				CLANG_WARN_COMMA = YES;
				CLANG_WARN_CONSTANT_CONVERSION = YES;
				CLANG_WARN_DEPRECATED_OBJC_IMPLEMENTATIONS = YES;
				CLANG_WARN_DIRECT_OBJC_ISA_USAGE = YES_ERROR;
				CLANG_WARN_DOCUMENTATION_COMMENTS = YES;
				CLANG_WARN_EMPTY_BODY = YES;
				CLANG_WARN_ENUM_CONVERSION = YES;
				CLANG_WARN_INFINITE_RECURSION = YES;
				CLANG_WARN_INT_CONVERSION = YES;
				CLANG_WARN_NON_LITERAL_NULL_CONVERSION = YES;
				CLANG_WARN_OBJC_IMPLICIT_RETAIN_SELF = YES;
				CLANG_WARN_OBJC_LITERAL_CONVERSION = YES;
				CLANG_WARN_OBJC_ROOT_CLASS = YES_ERROR;
				CLANG_WARN_QUOTED_INCLUDE_IN_FRAMEWORK_HEADER = YES;
				CLANG_WARN_RANGE_LOOP_ANALYSIS = YES;
				CLANG_WARN_STRICT_PROTOTYPES = YES;
				CLANG_WARN_SUSPICIOUS_MOVE = YES;
				CLANG_WARN_UNGUARDED_AVAILABILITY = YES_AGGRESSIVE;
				CLANG_WARN_UNREACHABLE_CODE = YES;
				CLANG_WARN__DUPLICATE_METHOD_MATCH = YES;
				COPY_PHASE_STRIP = NO;
				DEBUG_INFORMATION_FORMAT = "dwarf-with-dsym";
				ENABLE_NS_ASSERTIONS = NO;
				ENABLE_STRICT_OBJC_MSGSEND = YES;
				GCC_C_LANGUAGE_STANDARD = gnu11;
				GCC_NO_COMMON_BLOCKS = YES;
				GCC_WARN_64_TO_32_BIT_CONVERSION = YES;
				GCC_WARN_ABOUT_RETURN_TYPE = YES_ERROR;
				GCC_WARN_UNDECLARED_SELECTOR = YES;
				GCC_WARN_UNINITIALIZED_AUTOS = YES_AGGRESSIVE;
				GCC_WARN_UNUSED_FUNCTION = YES;
				GCC_WARN_UNUSED_VARIABLE = YES;
				IPHONEOS_DEPLOYMENT_TARGET = 15.5;
				MTL_ENABLE_DEBUG_INFO = NO;
				MTL_FAST_MATH = YES;
				SDKROOT = iphoneos;
				SWIFT_COMPILATION_MODE = wholemodule;
				SWIFT_OPTIMIZATION_LEVEL = "-O";
				VALIDATE_PRODUCT = YES;
			};
			name = Release;
		};
		34BFEBA029F0E0B900F2BF74 /* Debug */ = {
			isa = XCBuildConfiguration;
			buildSettings = {
				ASSETCATALOG_COMPILER_APPICON_NAME = AppIcon;
				ASSETCATALOG_COMPILER_GLOBAL_ACCENT_COLOR_NAME = AccentColor;
				CODE_SIGN_STYLE = Automatic;
				CURRENT_PROJECT_VERSION = 1;
				GENERATE_INFOPLIST_FILE = YES;
				INFOPLIST_FILE = YoutubeAppApi/Info.plist;
				INFOPLIST_KEY_UIApplicationSupportsIndirectInputEvents = YES;
				INFOPLIST_KEY_UILaunchStoryboardName = LaunchScreen;
				INFOPLIST_KEY_UIMainStoryboardFile = Main;
				INFOPLIST_KEY_UISupportedInterfaceOrientations_iPad = "UIInterfaceOrientationPortrait UIInterfaceOrientationPortraitUpsideDown UIInterfaceOrientationLandscapeLeft UIInterfaceOrientationLandscapeRight";
				INFOPLIST_KEY_UISupportedInterfaceOrientations_iPhone = "UIInterfaceOrientationPortrait UIInterfaceOrientationLandscapeLeft UIInterfaceOrientationLandscapeRight";
				LD_RUNPATH_SEARCH_PATHS = (
					"$(inherited)",
					"@executable_path/Frameworks",
				);
				MARKETING_VERSION = 1.0;
				PRODUCT_BUNDLE_IDENTIFIER = edu.northwest.YoutubeAppApi;
				PRODUCT_NAME = "$(TARGET_NAME)";
				SWIFT_EMIT_LOC_STRINGS = YES;
				SWIFT_VERSION = 5.0;
				TARGETED_DEVICE_FAMILY = "1,2";
			};
			name = Debug;
		};
		34BFEBA129F0E0B900F2BF74 /* Release */ = {
			isa = XCBuildConfiguration;
			buildSettings = {
				ASSETCATALOG_COMPILER_APPICON_NAME = AppIcon;
				ASSETCATALOG_COMPILER_GLOBAL_ACCENT_COLOR_NAME = AccentColor;
				CODE_SIGN_STYLE = Automatic;
				CURRENT_PROJECT_VERSION = 1;
				GENERATE_INFOPLIST_FILE = YES;
				INFOPLIST_FILE = YoutubeAppApi/Info.plist;
				INFOPLIST_KEY_UIApplicationSupportsIndirectInputEvents = YES;
				INFOPLIST_KEY_UILaunchStoryboardName = LaunchScreen;
				INFOPLIST_KEY_UIMainStoryboardFile = Main;
				INFOPLIST_KEY_UISupportedInterfaceOrientations_iPad = "UIInterfaceOrientationPortrait UIInterfaceOrientationPortraitUpsideDown UIInterfaceOrientationLandscapeLeft UIInterfaceOrientationLandscapeRight";
				INFOPLIST_KEY_UISupportedInterfaceOrientations_iPhone = "UIInterfaceOrientationPortrait UIInterfaceOrientationLandscapeLeft UIInterfaceOrientationLandscapeRight";
				LD_RUNPATH_SEARCH_PATHS = (
					"$(inherited)",
					"@executable_path/Frameworks",
				);
				MARKETING_VERSION = 1.0;
				PRODUCT_BUNDLE_IDENTIFIER = edu.northwest.YoutubeAppApi;
				PRODUCT_NAME = "$(TARGET_NAME)";
				SWIFT_EMIT_LOC_STRINGS = YES;
				SWIFT_VERSION = 5.0;
				TARGETED_DEVICE_FAMILY = "1,2";
			};
			name = Release;
		};
/* End XCBuildConfiguration section */

/* Begin XCConfigurationList section */
		34BFEB8629F0E0B600F2BF74 /* Build configuration list for PBXProject "YoutubeAppApi" */ = {
			isa = XCConfigurationList;
			buildConfigurations = (
				34BFEB9D29F0E0B900F2BF74 /* Debug */,
				34BFEB9E29F0E0B900F2BF74 /* Release */,
			);
			defaultConfigurationIsVisible = 0;
			defaultConfigurationName = Release;
		};
		34BFEB9F29F0E0B900F2BF74 /* Build configuration list for PBXNativeTarget "YoutubeAppApi" */ = {
			isa = XCConfigurationList;
			buildConfigurations = (
				34BFEBA029F0E0B900F2BF74 /* Debug */,
				34BFEBA129F0E0B900F2BF74 /* Release */,
			);
			defaultConfigurationIsVisible = 0;
			defaultConfigurationName = Release;
		};
/* End XCConfigurationList section */

/* Begin XCRemoteSwiftPackageReference section */
		34BFEBA229F0E0E600F2BF74 /* XCRemoteSwiftPackageReference "youtube-ios-player-helper" */ = {
			isa = XCRemoteSwiftPackageReference;
			repositoryURL = "https://github.com/youtube/youtube-ios-player-helper";
			requirement = {
				kind = upToNextMajorVersion;
				minimumVersion = 1.0.0;
			};
		};
/* End XCRemoteSwiftPackageReference section */

/* Begin XCSwiftPackageProductDependency section */
		34BFEBA329F0E0E600F2BF74 /* YouTubeiOSPlayerHelper */ = {
			isa = XCSwiftPackageProductDependency;
			package = 34BFEBA229F0E0E600F2BF74 /* XCRemoteSwiftPackageReference "youtube-ios-player-helper" */;
			productName = YouTubeiOSPlayerHelper;
		};
/* End XCSwiftPackageProductDependency section */
	};
	rootObject = 34BFEB8329F0E0B600F2BF74 /* Project object */;
}
