// !$*UTF8*$!
{
	archiveVersion = 1;
	classes = {
	};
	objectVersion = 55;
	objects = {

/* Begin PBXBuildFile section */
		34368A0D29EE078800C51FC0 /* AppDelegate.swift in Sources */ = {isa = PBXBuildFile; fileRef = 34368A0C29EE078800C51FC0 /* AppDelegate.swift */; };
		34368A0F29EE078800C51FC0 /* SceneDelegate.swift in Sources */ = {isa = PBXBuildFile; fileRef = 34368A0E29EE078800C51FC0 /* SceneDelegate.swift */; };
		34368A1129EE078800C51FC0 /* MusicDetailVC.swift in Sources */ = {isa = PBXBuildFile; fileRef = 34368A1029EE078800C51FC0 /* MusicDetailVC.swift */; };
		34368A1429EE078800C51FC0 /* Main.storyboard in Resources */ = {isa = PBXBuildFile; fileRef = 34368A1229EE078800C51FC0 /* Main.storyboard */; };
		34368A1629EE078C00C51FC0 /* Assets.xcassets in Resources */ = {isa = PBXBuildFile; fileRef = 34368A1529EE078C00C51FC0 /* Assets.xcassets */; };
		34368A1929EE078C00C51FC0 /* LaunchScreen.storyboard in Resources */ = {isa = PBXBuildFile; fileRef = 34368A1729EE078C00C51FC0 /* LaunchScreen.storyboard */; };
		34368A2129EE0DB200C51FC0 /* DataFile.swift in Sources */ = {isa = PBXBuildFile; fileRef = 34368A2029EE0DB200C51FC0 /* DataFile.swift */; };
		34368A2429EE0E2E00C51FC0 /* MusicVC.swift in Sources */ = {isa = PBXBuildFile; fileRef = 34368A2329EE0E2E00C51FC0 /* MusicVC.swift */; };
		34368A2829EE230500C51FC0 /* ActorVC.swift in Sources */ = {isa = PBXBuildFile; fileRef = 34368A2729EE230500C51FC0 /* ActorVC.swift */; };
/* End PBXBuildFile section */

/* Begin PBXFileReference section */
		34368A0929EE078800C51FC0 /* practice1.app */ = {isa = PBXFileReference; explicitFileType = wrapper.application; includeInIndex = 0; path = practice1.app; sourceTree = BUILT_PRODUCTS_DIR; };
		34368A0C29EE078800C51FC0 /* AppDelegate.swift */ = {isa = PBXFileReference; lastKnownFileType = sourcecode.swift; path = AppDelegate.swift; sourceTree = "<group>"; };
		34368A0E29EE078800C51FC0 /* SceneDelegate.swift */ = {isa = PBXFileReference; lastKnownFileType = sourcecode.swift; path = SceneDelegate.swift; sourceTree = "<group>"; };
		34368A1029EE078800C51FC0 /* MusicDetailVC.swift */ = {isa = PBXFileReference; lastKnownFileType = sourcecode.swift; path = MusicDetailVC.swift; sourceTree = "<group>"; };
		34368A1329EE078800C51FC0 /* Base */ = {isa = PBXFileReference; lastKnownFileType = file.storyboard; name = Base; path = Base.lproj/Main.storyboard; sourceTree = "<group>"; };
		34368A1529EE078C00C51FC0 /* Assets.xcassets */ = {isa = PBXFileReference; lastKnownFileType = folder.assetcatalog; path = Assets.xcassets; sourceTree = "<group>"; };
		34368A1829EE078C00C51FC0 /* Base */ = {isa = PBXFileReference; lastKnownFileType = file.storyboard; name = Base; path = Base.lproj/LaunchScreen.storyboard; sourceTree = "<group>"; };
		34368A1A29EE078C00C51FC0 /* Info.plist */ = {isa = PBXFileReference; lastKnownFileType = text.plist.xml; path = Info.plist; sourceTree = "<group>"; };
		34368A2029EE0DB200C51FC0 /* DataFile.swift */ = {isa = PBXFileReference; lastKnownFileType = sourcecode.swift; path = DataFile.swift; sourceTree = "<group>"; };
		34368A2329EE0E2E00C51FC0 /* MusicVC.swift */ = {isa = PBXFileReference; lastKnownFileType = sourcecode.swift; path = MusicVC.swift; sourceTree = "<group>"; };
		34368A2729EE230500C51FC0 /* ActorVC.swift */ = {isa = PBXFileReference; lastKnownFileType = sourcecode.swift; path = ActorVC.swift; sourceTree = "<group>"; };
/* End PBXFileReference section */

/* Begin PBXFrameworksBuildPhase section */
		34368A0629EE078800C51FC0 /* Frameworks */ = {
			isa = PBXFrameworksBuildPhase;
			buildActionMask = 2147483647;
			files = (
			);
			runOnlyForDeploymentPostprocessing = 0;
		};
/* End PBXFrameworksBuildPhase section */

/* Begin PBXGroup section */
		34368A0029EE078800C51FC0 = {
			isa = PBXGroup;
			children = (
				34368A0B29EE078800C51FC0 /* practice1 */,
				34368A0A29EE078800C51FC0 /* Products */,
			);
			sourceTree = "<group>";
		};
		34368A0A29EE078800C51FC0 /* Products */ = {
			isa = PBXGroup;
			children = (
				34368A0929EE078800C51FC0 /* practice1.app */,
			);
			name = Products;
			sourceTree = "<group>";
		};
		34368A0B29EE078800C51FC0 /* practice1 */ = {
			isa = PBXGroup;
			children = (
				34368A2229EE0E1200C51FC0 /* SupportingFiles */,
				34368A2329EE0E2E00C51FC0 /* MusicVC.swift */,
				34368A1029EE078800C51FC0 /* MusicDetailVC.swift */,
				34368A1229EE078800C51FC0 /* Main.storyboard */,
				34368A2729EE230500C51FC0 /* ActorVC.swift */,
				34368A2029EE0DB200C51FC0 /* DataFile.swift */,
				34368A1529EE078C00C51FC0 /* Assets.xcassets */,
				34368A1729EE078C00C51FC0 /* LaunchScreen.storyboard */,
				34368A1A29EE078C00C51FC0 /* Info.plist */,
			);
			path = practice1;
			sourceTree = "<group>";
		};
		34368A2229EE0E1200C51FC0 /* SupportingFiles */ = {
			isa = PBXGroup;
			children = (
				34368A0C29EE078800C51FC0 /* AppDelegate.swift */,
				34368A0E29EE078800C51FC0 /* SceneDelegate.swift */,
			);
			path = SupportingFiles;
			sourceTree = "<group>";
		};
/* End PBXGroup section */

/* Begin PBXNativeTarget section */
		34368A0829EE078800C51FC0 /* practice1 */ = {
			isa = PBXNativeTarget;
			buildConfigurationList = 34368A1D29EE078C00C51FC0 /* Build configuration list for PBXNativeTarget "practice1" */;
			buildPhases = (
				34368A0529EE078800C51FC0 /* Sources */,
				34368A0629EE078800C51FC0 /* Frameworks */,
				34368A0729EE078800C51FC0 /* Resources */,
			);
			buildRules = (
			);
			dependencies = (
			);
			name = practice1;
			productName = practice1;
			productReference = 34368A0929EE078800C51FC0 /* practice1.app */;
			productType = "com.apple.product-type.application";
		};
/* End PBXNativeTarget section */

/* Begin PBXProject section */
		34368A0129EE078800C51FC0 /* Project object */ = {
			isa = PBXProject;
			attributes = {
				BuildIndependentTargetsInParallel = 1;
				LastSwiftUpdateCheck = 1340;
				LastUpgradeCheck = 1340;
				TargetAttributes = {
					34368A0829EE078800C51FC0 = {
						CreatedOnToolsVersion = 13.4.1;
					};
				};
			};
			buildConfigurationList = 34368A0429EE078800C51FC0 /* Build configuration list for PBXProject "practice1" */;
			compatibilityVersion = "Xcode 13.0";
			developmentRegion = en;
			hasScannedForEncodings = 0;
			knownRegions = (
				en,
				Base,
			);
			mainGroup = 34368A0029EE078800C51FC0;
			productRefGroup = 34368A0A29EE078800C51FC0 /* Products */;
			projectDirPath = "";
			projectRoot = "";
			targets = (
				34368A0829EE078800C51FC0 /* practice1 */,
			);
		};
/* End PBXProject section */

/* Begin PBXResourcesBuildPhase section */
		34368A0729EE078800C51FC0 /* Resources */ = {
			isa = PBXResourcesBuildPhase;
			buildActionMask = 2147483647;
			files = (
				34368A1929EE078C00C51FC0 /* LaunchScreen.storyboard in Resources */,
				34368A1629EE078C00C51FC0 /* Assets.xcassets in Resources */,
				34368A1429EE078800C51FC0 /* Main.storyboard in Resources */,
			);
			runOnlyForDeploymentPostprocessing = 0;
		};
/* End PBXResourcesBuildPhase section */

/* Begin PBXSourcesBuildPhase section */
		34368A0529EE078800C51FC0 /* Sources */ = {
			isa = PBXSourcesBuildPhase;
			buildActionMask = 2147483647;
			files = (
				34368A2829EE230500C51FC0 /* ActorVC.swift in Sources */,
				34368A2429EE0E2E00C51FC0 /* MusicVC.swift in Sources */,
				34368A1129EE078800C51FC0 /* MusicDetailVC.swift in Sources */,
				34368A0D29EE078800C51FC0 /* AppDelegate.swift in Sources */,
				34368A0F29EE078800C51FC0 /* SceneDelegate.swift in Sources */,
				34368A2129EE0DB200C51FC0 /* DataFile.swift in Sources */,
			);
			runOnlyForDeploymentPostprocessing = 0;
		};
/* End PBXSourcesBuildPhase section */

/* Begin PBXVariantGroup section */
		34368A1229EE078800C51FC0 /* Main.storyboard */ = {
			isa = PBXVariantGroup;
			children = (
				34368A1329EE078800C51FC0 /* Base */,
			);
			name = Main.storyboard;
			sourceTree = "<group>";
		};
		34368A1729EE078C00C51FC0 /* LaunchScreen.storyboard */ = {
			isa = PBXVariantGroup;
			children = (
				34368A1829EE078C00C51FC0 /* Base */,
			);
			name = LaunchScreen.storyboard;
			sourceTree = "<group>";
		};
/* End PBXVariantGroup section */

/* Begin XCBuildConfiguration section */
		34368A1B29EE078C00C51FC0 /* Debug */ = {
			isa = XCBuildConfiguration;
			buildSettings = {
				ALWAYS_SEARCH_USER_PATHS = NO;
				CLANG_ANALYZER_NONNULL = YES;
				CLANG_ANALYZER_NUMBER_OBJECT_CONVERSION = YES_AGGRESSIVE;
				CLANG_CXX_LANGUAGE_STANDARD = "gnu++17";
				CLANG_ENABLE_MODULES = YES;
				CLANG_ENABLE_OBJC_ARC = YES;
				CLANG_ENABLE_OBJC_WEAK = YES;
				CLANG_WARN_BLOCK_CAPTURE_AUTORELEASING = YES;
				CLANG_WARN_BOOL_CONVERSION = YES;
				CLANG_WARN_COMMA = YES;
				CLANG_WARN_CONSTANT_CONVERSION = YES;
				CLANG_WARN_DEPRECATED_OBJC_IMPLEMENTATIONS = YES;
				CLANG_WARN_DIRECT_OBJC_ISA_USAGE = YES_ERROR;
				CLANG_WARN_DOCUMENTATION_COMMENTS = YES;
				CLANG_WARN_EMPTY_BODY = YES;
				CLANG_WARN_ENUM_CONVERSION = YES;
				CLANG_WARN_INFINITE_RECURSION = YES;
				CLANG_WARN_INT_CONVERSION = YES;
				CLANG_WARN_NON_LITERAL_NULL_CONVERSION = YES;
				CLANG_WARN_OBJC_IMPLICIT_RETAIN_SELF = YES;
				CLANG_WARN_OBJC_LITERAL_CONVERSION = YES;
				CLANG_WARN_OBJC_ROOT_CLASS = YES_ERROR;
				CLANG_WARN_QUOTED_INCLUDE_IN_FRAMEWORK_HEADER = YES;
				CLANG_WARN_RANGE_LOOP_ANALYSIS = YES;
				CLANG_WARN_STRICT_PROTOTYPES = YES;
				CLANG_WARN_SUSPICIOUS_MOVE = YES;
				CLANG_WARN_UNGUARDED_AVAILABILITY = YES_AGGRESSIVE;
				CLANG_WARN_UNREACHABLE_CODE = YES;
				CLANG_WARN__DUPLICATE_METHOD_MATCH = YES;
				COPY_PHASE_STRIP = NO;
				DEBUG_INFORMATION_FORMAT = dwarf;
				ENABLE_STRICT_OBJC_MSGSEND = YES;
				ENABLE_TESTABILITY = YES;
				GCC_C_LANGUAGE_STANDARD = gnu11;
				GCC_DYNAMIC_NO_PIC = NO;
				GCC_NO_COMMON_BLOCKS = YES;
				GCC_OPTIMIZATION_LEVEL = 0;
				GCC_PREPROCESSOR_DEFINITIONS = (
					"DEBUG=1",
					"$(inherited)",
				);
				GCC_WARN_64_TO_32_BIT_CONVERSION = YES;
				GCC_WARN_ABOUT_RETURN_TYPE = YES_ERROR;
				GCC_WARN_UNDECLARED_SELECTOR = YES;
				GCC_WARN_UNINITIALIZED_AUTOS = YES_AGGRESSIVE;
				GCC_WARN_UNUSED_FUNCTION = YES;
				GCC_WARN_UNUSED_VARIABLE = YES;
				IPHONEOS_DEPLOYMENT_TARGET = 15.5;
				MTL_ENABLE_DEBUG_INFO = INCLUDE_SOURCE;
				MTL_FAST_MATH = YES;
				ONLY_ACTIVE_ARCH = YES;
				SDKROOT = iphoneos;
				SWIFT_ACTIVE_COMPILATION_CONDITIONS = DEBUG;
				SWIFT_OPTIMIZATION_LEVEL = "-Onone";
			};
			name = Debug;
		};
		34368A1C29EE078C00C51FC0 /* Release */ = {
			isa = XCBuildConfiguration;
			buildSettings = {
				ALWAYS_SEARCH_USER_PATHS = NO;
				CLANG_ANALYZER_NONNULL = YES;
				CLANG_ANALYZER_NUMBER_OBJECT_CONVERSION = YES_AGGRESSIVE;
				CLANG_CXX_LANGUAGE_STANDARD = "gnu++17";
				CLANG_ENABLE_MODULES = YES;
				CLANG_ENABLE_OBJC_ARC = YES;
				CLANG_ENABLE_OBJC_WEAK = YES;
				CLANG_WARN_BLOCK_CAPTURE_AUTORELEASING = YES;
				CLANG_WARN_BOOL_CONVERSION = YES;
				CLANG_WARN_COMMA = YES;
				CLANG_WARN_CONSTANT_CONVERSION = YES;
				CLANG_WARN_DEPRECATED_OBJC_IMPLEMENTATIONS = YES;
				CLANG_WARN_DIRECT_OBJC_ISA_USAGE = YES_ERROR;
				CLANG_WARN_DOCUMENTATION_COMMENTS = YES;
				CLANG_WARN_EMPTY_BODY = YES;
				CLANG_WARN_ENUM_CONVERSION = YES;
				CLANG_WARN_INFINITE_RECURSION = YES;
				CLANG_WARN_INT_CONVERSION = YES;
				CLANG_WARN_NON_LITERAL_NULL_CONVERSION = YES;
				CLANG_WARN_OBJC_IMPLICIT_RETAIN_SELF = YES;
				CLANG_WARN_OBJC_LITERAL_CONVERSION = YES;
				CLANG_WARN_OBJC_ROOT_CLASS = YES_ERROR;
				CLANG_WARN_QUOTED_INCLUDE_IN_FRAMEWORK_HEADER = YES;
				CLANG_WARN_RANGE_LOOP_ANALYSIS = YES;
				CLANG_WARN_STRICT_PROTOTYPES = YES;
				CLANG_WARN_SUSPICIOUS_MOVE = YES;
				CLANG_WARN_UNGUARDED_AVAILABILITY = YES_AGGRESSIVE;
				CLANG_WARN_UNREACHABLE_CODE = YES;
				CLANG_WARN__DUPLICATE_METHOD_MATCH = YES;
				COPY_PHASE_STRIP = NO;
				DEBUG_INFORMATION_FORMAT = "dwarf-with-dsym";
				ENABLE_NS_ASSERTIONS = NO;
				ENABLE_STRICT_OBJC_MSGSEND = YES;
				GCC_C_LANGUAGE_STANDARD = gnu11;
				GCC_NO_COMMON_BLOCKS = YES;
				GCC_WARN_64_TO_32_BIT_CONVERSION = YES;
				GCC_WARN_ABOUT_RETURN_TYPE = YES_ERROR;
				GCC_WARN_UNDECLARED_SELECTOR = YES;
				GCC_WARN_UNINITIALIZED_AUTOS = YES_AGGRESSIVE;
				GCC_WARN_UNUSED_FUNCTION = YES;
				GCC_WARN_UNUSED_VARIABLE = YES;
				IPHONEOS_DEPLOYMENT_TARGET = 15.5;
				MTL_ENABLE_DEBUG_INFO = NO;
				MTL_FAST_MATH = YES;
				SDKROOT = iphoneos;
				SWIFT_COMPILATION_MODE = wholemodule;
				SWIFT_OPTIMIZATION_LEVEL = "-O";
				VALIDATE_PRODUCT = YES;
			};
			name = Release;
		};
		34368A1E29EE078C00C51FC0 /* Debug */ = {
			isa = XCBuildConfiguration;
			buildSettings = {
				ASSETCATALOG_COMPILER_APPICON_NAME = AppIcon;
				ASSETCATALOG_COMPILER_GLOBAL_ACCENT_COLOR_NAME = AccentColor;
				CODE_SIGN_STYLE = Automatic;
				CURRENT_PROJECT_VERSION = 1;
				GENERATE_INFOPLIST_FILE = YES;
				INFOPLIST_FILE = practice1/Info.plist;
				INFOPLIST_KEY_UIApplicationSupportsIndirectInputEvents = YES;
				INFOPLIST_KEY_UILaunchStoryboardName = LaunchScreen;
				INFOPLIST_KEY_UIMainStoryboardFile = Main;
				INFOPLIST_KEY_UISupportedInterfaceOrientations_iPad = "UIInterfaceOrientationPortrait UIInterfaceOrientationPortraitUpsideDown UIInterfaceOrientationLandscapeLeft UIInterfaceOrientationLandscapeRight";
				INFOPLIST_KEY_UISupportedInterfaceOrientations_iPhone = "UIInterfaceOrientationPortrait UIInterfaceOrientationLandscapeLeft UIInterfaceOrientationLandscapeRight";
				LD_RUNPATH_SEARCH_PATHS = (
					"$(inherited)",
					"@executable_path/Frameworks",
				);
				MARKETING_VERSION = 1.0;
				PRODUCT_BUNDLE_IDENTIFIER = edu.northwest.practice1;
				PRODUCT_NAME = "$(TARGET_NAME)";
				SWIFT_EMIT_LOC_STRINGS = YES;
				SWIFT_VERSION = 5.0;
				TARGETED_DEVICE_FAMILY = "1,2";
			};
			name = Debug;
		};
		34368A1F29EE078C00C51FC0 /* Release */ = {
			isa = XCBuildConfiguration;
			buildSettings = {
				ASSETCATALOG_COMPILER_APPICON_NAME = AppIcon;
				ASSETCATALOG_COMPILER_GLOBAL_ACCENT_COLOR_NAME = AccentColor;
				CODE_SIGN_STYLE = Automatic;
				CURRENT_PROJECT_VERSION = 1;
				GENERATE_INFOPLIST_FILE = YES;
				INFOPLIST_FILE = practice1/Info.plist;
				INFOPLIST_KEY_UIApplicationSupportsIndirectInputEvents = YES;
				INFOPLIST_KEY_UILaunchStoryboardName = LaunchScreen;
				INFOPLIST_KEY_UIMainStoryboardFile = Main;
				INFOPLIST_KEY_UISupportedInterfaceOrientations_iPad = "UIInterfaceOrientationPortrait UIInterfaceOrientationPortraitUpsideDown UIInterfaceOrientationLandscapeLeft UIInterfaceOrientationLandscapeRight";
				INFOPLIST_KEY_UISupportedInterfaceOrientations_iPhone = "UIInterfaceOrientationPortrait UIInterfaceOrientationLandscapeLeft UIInterfaceOrientationLandscapeRight";
				LD_RUNPATH_SEARCH_PATHS = (
					"$(inherited)",
					"@executable_path/Frameworks",
				);
				MARKETING_VERSION = 1.0;
				PRODUCT_BUNDLE_IDENTIFIER = edu.northwest.practice1;
				PRODUCT_NAME = "$(TARGET_NAME)";
				SWIFT_EMIT_LOC_STRINGS = YES;
				SWIFT_VERSION = 5.0;
				TARGETED_DEVICE_FAMILY = "1,2";
			};
			name = Release;
		};
/* End XCBuildConfiguration section */

/* Begin XCConfigurationList section */
		34368A0429EE078800C51FC0 /* Build configuration list for PBXProject "practice1" */ = {
			isa = XCConfigurationList;
			buildConfigurations = (
				34368A1B29EE078C00C51FC0 /* Debug */,
				34368A1C29EE078C00C51FC0 /* Release */,
			);
			defaultConfigurationIsVisible = 0;
			defaultConfigurationName = Release;
		};
		34368A1D29EE078C00C51FC0 /* Build configuration list for PBXNativeTarget "practice1" */ = {
			isa = XCConfigurationList;
			buildConfigurations = (
				34368A1E29EE078C00C51FC0 /* Debug */,
				34368A1F29EE078C00C51FC0 /* Release */,
			);
			defaultConfigurationIsVisible = 0;
			defaultConfigurationName = Release;
		};
/* End XCConfigurationList section */
	};
	rootObject = 34368A0129EE078800C51FC0 /* Project object */;
}
